{
  "version": 4,
  "terraform_version": "1.3.7",
  "serial": 183,
  "lineage": "20653ff5-1454-ee16-7d79-e9309bf9632a",
  "outputs": {
    "puppet_agent_ip": {
      "value": "10.68.0.105",
      "type": "string"
    },
    "puppet_master_ip": {
      "value": "212.162.147.248",
      "type": "string"
    }
  },
  "resources": [
    {
      "mode": "data",
      "type": "openstack_images_image_v2",
      "name": "ubuntu_22",
      "provider": "provider[\"registry.terraform.io/terraform-provider-openstack/openstack\"]",
      "instances": [
        {
          "schema_version": 0,
          "attributes": {
            "checksum": "d097c36dfc92e934616bc56d2ec0dc83",
            "container_format": "bare",
            "created_at": "2022-11-18T08:35:09Z",
            "disk_format": "qcow2",
            "file": "/v2/images/aac74808-9dba-4f49-a530-70a23b4163f3/file",
            "hidden": false,
            "id": "aac74808-9dba-4f49-a530-70a23b4163f3",
            "member_status": null,
            "metadata": {},
            "min_disk_gb": 0,
            "min_ram_mb": 0,
            "most_recent": false,
            "name": "ubuntu-22.04",
            "owner": "6fa83c7790704bf7b74ab8286ab7e4f0",
            "properties": {
              "hw_disk_bus": "scsi",
              "hw_scsi_model": "virtio-scsi",
              "os_hash_algo": "sha512",
              "os_hash_value": "120e3a8c342ff5e024629f74466158f59b537fe366209708fb3659447c25e3271308edb92fc91c28c1e9cbd73e87875e552fa7edb6540b24499d3defa5bb45b6",
              "owner_specified.openstack.md5": "d097c36dfc92e934616bc56d2ec0dc83",
              "owner_specified.openstack.object": "images/ubuntu-22.04",
              "owner_specified.openstack.sha256": "dc5b5a43c26768b56e00c23da707a0f69103ba947edf298033dbcd1f9f18a5c6"
            },
            "protected": false,
            "region": "osl1",
            "schema": "/v2/schemas/image",
            "size_bytes": 666697728,
            "size_max": null,
            "size_min": null,
            "sort_direction": "asc",
            "sort_key": "name",
            "tag": null,
            "tags": [],
            "updated_at": "2023-01-13T13:38:59Z",
            "visibility": "public"
          },
          "sensitive_attributes": []
        }
      ]
    },
    {
      "mode": "managed",
      "type": "openstack_compute_instance_v2",
      "name": "puppet_agent",
      "provider": "provider[\"registry.terraform.io/terraform-provider-openstack/openstack\"]",
      "instances": [
        {
          "schema_version": 0,
          "attributes": {
            "access_ip_v4": "10.68.0.105",
            "access_ip_v6": "[2a09:d400:0:2::248]",
            "admin_pass": null,
            "all_metadata": {},
            "all_tags": [],
            "availability_zone": "nova",
            "availability_zone_hints": null,
            "block_device": [],
            "config_drive": null,
            "created": "2023-02-05 15:30:08 +0000 UTC",
            "flavor_id": "9268de17-2d5b-4885-bc53-155f093aed6d",
            "flavor_name": "l2.c2r4.100",
            "floating_ip": null,
            "force_delete": false,
            "id": "94da9ece-c2d4-4a69-a7d4-60eceadfe6ad",
            "image_id": "aac74808-9dba-4f49-a530-70a23b4163f3",
            "image_name": "ubuntu-22.04",
            "key_pair": "Controller key",
            "metadata": null,
            "name": "puppet-agent",
            "network": [
              {
                "access_network": false,
                "fixed_ip_v4": "10.68.0.105",
                "fixed_ip_v6": "[2a09:d400:0:2::248]",
                "floating_ip": "",
                "mac": "fa:16:3e:dd:ab:93",
                "name": "default",
                "port": "",
                "uuid": "14ff54e0-80e4-492b-a54a-8c4d4097ed8f"
              }
            ],
            "network_mode": null,
            "personality": [],
            "power_state": "active",
            "region": "osl1",
            "scheduler_hints": [],
            "security_groups": [
              "default"
            ],
            "stop_before_destroy": false,
            "tags": null,
            "timeouts": null,
            "updated": "2023-02-05 15:30:14 +0000 UTC",
            "user_data": null,
            "vendor_options": [],
            "volume": []
          },
          "sensitive_attributes": [],
          "private": "eyJlMmJmYjczMC1lY2FhLTExZTYtOGY4OC0zNDM2M2JjN2M0YzAiOnsiY3JlYXRlIjoxODAwMDAwMDAwMDAwLCJkZWxldGUiOjE4MDAwMDAwMDAwMDAsInVwZGF0ZSI6MTgwMDAwMDAwMDAwMH19",
          "dependencies": [
            "data.openstack_images_image_v2.ubuntu_22",
            "openstack_compute_instance_v2.puppet_master"
          ]
        }
      ]
    },
    {
      "mode": "managed",
      "type": "openstack_compute_instance_v2",
      "name": "puppet_master",
      "provider": "provider[\"registry.terraform.io/terraform-provider-openstack/openstack\"]",
      "instances": [
        {
          "schema_version": 0,
          "attributes": {
            "access_ip_v4": "212.162.147.248",
            "access_ip_v6": "[2a09:d400:0:1::3a0]",
            "admin_pass": null,
            "all_metadata": {},
            "all_tags": [],
            "availability_zone": "nova",
            "availability_zone_hints": null,
            "block_device": [],
            "config_drive": null,
            "created": "2023-02-05 15:28:19 +0000 UTC",
            "flavor_id": "9268de17-2d5b-4885-bc53-155f093aed6d",
            "flavor_name": "l2.c2r4.100",
            "floating_ip": null,
            "force_delete": false,
            "id": "3397d32c-c558-4897-a2d2-0d4b97fbba11",
            "image_id": "aac74808-9dba-4f49-a530-70a23b4163f3",
            "image_name": "ubuntu-22.04",
            "key_pair": "Controller key",
            "metadata": null,
            "name": "puppet_master",
            "network": [
              {
                "access_network": false,
                "fixed_ip_v4": "212.162.147.248",
                "fixed_ip_v6": "[2a09:d400:0:1::3a0]",
                "floating_ip": "",
                "mac": "fa:16:3e:46:fd:37",
                "name": "public",
                "port": "",
                "uuid": "33dc493f-f4d5-4ab4-bf8e-43bee3faf3ef"
              }
            ],
            "network_mode": null,
            "personality": [],
            "power_state": "active",
            "region": "osl1",
            "scheduler_hints": [],
            "security_groups": [
              "default"
            ],
            "stop_before_destroy": false,
            "tags": null,
            "timeouts": null,
            "updated": "2023-02-05 15:28:27 +0000 UTC",
            "user_data": null,
            "vendor_options": [],
            "volume": []
          },
          "sensitive_attributes": [],
          "private": "eyJlMmJmYjczMC1lY2FhLTExZTYtOGY4OC0zNDM2M2JjN2M0YzAiOnsiY3JlYXRlIjoxODAwMDAwMDAwMDAwLCJkZWxldGUiOjE4MDAwMDAwMDAwMDAsInVwZGF0ZSI6MTgwMDAwMDAwMDAwMH19",
          "dependencies": [
            "data.openstack_images_image_v2.ubuntu_22"
          ]
        }
      ]
    }
  ],
  "check_results": null
}
