{
  "version": 4,
  "terraform_version": "1.3.7",
  "serial": 24,
  "lineage": "b9a9c890-15a3-7b22-e9d5-61e80321f46d",
  "outputs": {},
  "resources": [
    {
      "mode": "data",
      "type": "openstack_images_image_v2",
      "name": "ubuntu",
      "provider": "provider[\"registry.terraform.io/terraform-provider-openstack/openstack\"]",
      "instances": [
        {
          "schema_version": 0,
          "attributes": {
            "checksum": "d097c36dfc92e934616bc56d2ec0dc83",
            "container_format": "bare",
            "created_at": "2022-11-18T08:35:09Z",
            "disk_format": "qcow2",
            "file": "/v2/images/aac74808-9dba-4f49-a530-70a23b4163f3/file",
            "hidden": false,
            "id": "aac74808-9dba-4f49-a530-70a23b4163f3",
            "member_status": null,
            "metadata": {},
            "min_disk_gb": 0,
            "min_ram_mb": 0,
            "most_recent": false,
            "name": "ubuntu-22.04",
            "owner": "6fa83c7790704bf7b74ab8286ab7e4f0",
            "properties": {
              "hw_disk_bus": "scsi",
              "hw_scsi_model": "virtio-scsi",
              "os_hash_algo": "sha512",
              "os_hash_value": "120e3a8c342ff5e024629f74466158f59b537fe366209708fb3659447c25e3271308edb92fc91c28c1e9cbd73e87875e552fa7edb6540b24499d3defa5bb45b6",
              "owner_specified.openstack.md5": "d097c36dfc92e934616bc56d2ec0dc83",
              "owner_specified.openstack.object": "images/ubuntu-22.04",
              "owner_specified.openstack.sha256": "dc5b5a43c26768b56e00c23da707a0f69103ba947edf298033dbcd1f9f18a5c6"
            },
            "protected": false,
            "region": "osl1",
            "schema": "/v2/schemas/image",
            "size_bytes": 666697728,
            "size_max": null,
            "size_min": null,
            "sort_direction": "asc",
            "sort_key": "name",
            "tag": null,
            "tags": [],
            "updated_at": "2023-01-13T13:38:59Z",
            "visibility": "public"
          },
          "sensitive_attributes": []
        }
      ]
    },
    {
      "mode": "managed",
      "type": "openstack_compute_instance_v2",
      "name": "debian_puppet_agent",
      "provider": "provider[\"registry.terraform.io/terraform-provider-openstack/openstack\"]",
      "instances": [
        {
          "schema_version": 0,
          "attributes": {
            "access_ip_v4": "10.68.1.199",
            "access_ip_v6": "[2a09:d400:0:2::77]",
            "admin_pass": null,
            "all_metadata": {},
            "all_tags": [],
            "availability_zone": "nova",
            "availability_zone_hints": null,
            "block_device": [],
            "config_drive": null,
            "created": "2023-02-02 11:38:12 +0000 UTC",
            "flavor_id": "9268de17-2d5b-4885-bc53-155f093aed6d",
            "flavor_name": "l2.c2r4.100",
            "floating_ip": null,
            "force_delete": false,
            "id": "745c2322-40f6-4a64-9415-433a0eb05312",
            "image_id": "f2ef69eb-2856-4319-95f5-902f43fccef8",
            "image_name": "debian-11",
            "key_pair": "Controller key",
            "metadata": null,
            "name": "debian-with-user-kate",
            "network": [
              {
                "access_network": false,
                "fixed_ip_v4": "10.68.1.199",
                "fixed_ip_v6": "[2a09:d400:0:2::77]",
                "floating_ip": "",
                "mac": "fa:16:3e:d2:4a:cf",
                "name": "default",
                "port": "",
                "uuid": "14ff54e0-80e4-492b-a54a-8c4d4097ed8f"
              }
            ],
            "network_mode": null,
            "personality": [],
            "power_state": "active",
            "region": "osl1",
            "scheduler_hints": [],
            "security_groups": [
              "default"
            ],
            "stop_before_destroy": false,
            "tags": [],
            "timeouts": null,
            "updated": "2023-02-02 11:38:19 +0000 UTC",
            "user_data": null,
            "vendor_options": [],
            "volume": []
          },
          "sensitive_attributes": [],
          "private": "eyJlMmJmYjczMC1lY2FhLTExZTYtOGY4OC0zNDM2M2JjN2M0YzAiOnsiY3JlYXRlIjoxODAwMDAwMDAwMDAwLCJkZWxldGUiOjE4MDAwMDAwMDAwMDAsInVwZGF0ZSI6MTgwMDAwMDAwMDAwMH19"
        }
      ]
    },
    {
      "mode": "managed",
      "type": "openstack_compute_instance_v2",
      "name": "ubuntu_puppet_agent",
      "provider": "provider[\"registry.terraform.io/terraform-provider-openstack/openstack\"]",
      "instances": [
        {
          "schema_version": 0,
          "attributes": {
            "access_ip_v4": "10.68.1.64",
            "access_ip_v6": "[2a09:d400:0:2::3c8]",
            "admin_pass": null,
            "all_metadata": {},
            "all_tags": [],
            "availability_zone": "nova",
            "availability_zone_hints": null,
            "block_device": [],
            "config_drive": null,
            "created": "2023-02-02 11:40:17 +0000 UTC",
            "flavor_id": "9268de17-2d5b-4885-bc53-155f093aed6d",
            "flavor_name": "l2.c2r4.100",
            "floating_ip": null,
            "force_delete": false,
            "id": "c2100594-eac2-4e8d-8bf7-1c7dd88c67f1",
            "image_id": "aac74808-9dba-4f49-a530-70a23b4163f3",
            "image_name": "ubuntu-22.04",
            "key_pair": "Controller key",
            "metadata": null,
            "name": "ubuntu-with-user-kate",
            "network": [
              {
                "access_network": false,
                "fixed_ip_v4": "10.68.1.64",
                "fixed_ip_v6": "[2a09:d400:0:2::3c8]",
                "floating_ip": "",
                "mac": "fa:16:3e:0b:40:ae",
                "name": "default",
                "port": "",
                "uuid": "14ff54e0-80e4-492b-a54a-8c4d4097ed8f"
              }
            ],
            "network_mode": null,
            "personality": [],
            "power_state": "active",
            "region": "osl1",
            "scheduler_hints": [],
            "security_groups": [
              "default"
            ],
            "stop_before_destroy": false,
            "tags": null,
            "timeouts": null,
            "updated": "2023-02-02 11:40:24 +0000 UTC",
            "user_data": null,
            "vendor_options": [],
            "volume": []
          },
          "sensitive_attributes": [],
          "private": "eyJlMmJmYjczMC1lY2FhLTExZTYtOGY4OC0zNDM2M2JjN2M0YzAiOnsiY3JlYXRlIjoxODAwMDAwMDAwMDAwLCJkZWxldGUiOjE4MDAwMDAwMDAwMDAsInVwZGF0ZSI6MTgwMDAwMDAwMDAwMH19",
          "dependencies": [
            "data.openstack_images_image_v2.ubuntu"
          ]
        }
      ]
    }
  ],
  "check_results": null
}
