{
  "version": 4,
  "terraform_version": "1.3.7",
  "serial": 40,
  "lineage": "e6e5cf1e-e421-7066-52d9-8b456a6e186c",
  "outputs": {
    "Server_IP": {
      "value": "212.162.146.30",
      "type": "string"
    }
  },
  "resources": [
    {
      "mode": "managed",
      "type": "openstack_compute_instance_v2",
      "name": "webserver",
      "provider": "provider[\"registry.terraform.io/terraform-provider-openstack/openstack\"]",
      "instances": [
        {
          "schema_version": 0,
          "attributes": {
            "access_ip_v4": "212.162.146.30",
            "access_ip_v6": "[2a09:d400:0:1::2e3]",
            "admin_pass": null,
            "all_metadata": {},
            "all_tags": [],
            "availability_zone": "nova",
            "availability_zone_hints": null,
            "block_device": [],
            "config_drive": null,
            "created": "2023-02-03 09:48:00 +0000 UTC",
            "flavor_id": "9268de17-2d5b-4885-bc53-155f093aed6d",
            "flavor_name": "l2.c2r4.100",
            "floating_ip": null,
            "force_delete": false,
            "id": "f6610b1a-c9be-4394-b316-653b0cce6ffd",
            "image_id": "aac74808-9dba-4f49-a530-70a23b4163f3",
            "image_name": "ubuntu-22.04",
            "key_pair": "Controller key",
            "metadata": null,
            "name": "Webserver",
            "network": [
              {
                "access_network": false,
                "fixed_ip_v4": "212.162.146.30",
                "fixed_ip_v6": "[2a09:d400:0:1::2e3]",
                "floating_ip": "",
                "mac": "fa:16:3e:10:4f:c8",
                "name": "public",
                "port": "",
                "uuid": "33dc493f-f4d5-4ab4-bf8e-43bee3faf3ef"
              }
            ],
            "network_mode": null,
            "personality": [],
            "power_state": "active",
            "region": "osl1",
            "scheduler_hints": [],
            "security_groups": [
              "default"
            ],
            "stop_before_destroy": false,
            "tags": null,
            "timeouts": null,
            "updated": "2023-02-03 09:48:08 +0000 UTC",
            "user_data": null,
            "vendor_options": [],
            "volume": []
          },
          "sensitive_attributes": [],
          "private": "eyJlMmJmYjczMC1lY2FhLTExZTYtOGY4OC0zNDM2M2JjN2M0YzAiOnsiY3JlYXRlIjoxODAwMDAwMDAwMDAwLCJkZWxldGUiOjE4MDAwMDAwMDAwMDAsInVwZGF0ZSI6MTgwMDAwMDAwMDAwMH19"
        }
      ]
    }
  ],
  "check_results": null
}
