{
  "version": 4,
  "terraform_version": "1.3.7",
  "serial": 19,
  "lineage": "2cbabad6-7894-53ed-5468-edf1bf6c6612",
  "outputs": {
    "devserver_ip": {
      "value": "10.68.1.168",
      "type": "string"
    },
    "puppet_master_ip": {
      "value": "212.162.147.158",
      "type": "string"
    },
    "webserver_ip": {
      "value": "212.162.147.177",
      "type": "string"
    }
  },
  "resources": [
    {
      "mode": "managed",
      "type": "openstack_compute_instance_v2",
      "name": "devserver",
      "provider": "provider[\"registry.terraform.io/terraform-provider-openstack/openstack\"]",
      "instances": [
        {
          "schema_version": 0,
          "attributes": {
            "access_ip_v4": "10.68.1.168",
            "access_ip_v6": "[2a09:d400:0:2::6a]",
            "admin_pass": null,
            "all_metadata": {},
            "all_tags": [],
            "availability_zone": "nova",
            "availability_zone_hints": null,
            "block_device": [],
            "config_drive": null,
            "created": "2023-02-05 18:37:50 +0000 UTC",
            "flavor_id": "9268de17-2d5b-4885-bc53-155f093aed6d",
            "flavor_name": "l2.c2r4.100",
            "floating_ip": null,
            "force_delete": false,
            "id": "0d7f3ba0-2660-4316-904a-3d73970f2dbb",
            "image_id": "aac74808-9dba-4f49-a530-70a23b4163f3",
            "image_name": "ubuntu-22.04",
            "key_pair": "Controller key",
            "metadata": null,
            "name": "devserver",
            "network": [
              {
                "access_network": false,
                "fixed_ip_v4": "10.68.1.168",
                "fixed_ip_v6": "[2a09:d400:0:2::6a]",
                "floating_ip": "",
                "mac": "fa:16:3e:77:82:56",
                "name": "default",
                "port": "",
                "uuid": "14ff54e0-80e4-492b-a54a-8c4d4097ed8f"
              }
            ],
            "network_mode": null,
            "personality": [],
            "power_state": "active",
            "region": "osl1",
            "scheduler_hints": [],
            "security_groups": [
              "default"
            ],
            "stop_before_destroy": false,
            "tags": [],
            "timeouts": null,
            "updated": "2023-02-05 18:37:58 +0000 UTC",
            "user_data": null,
            "vendor_options": [],
            "volume": []
          },
          "sensitive_attributes": [],
          "private": "eyJlMmJmYjczMC1lY2FhLTExZTYtOGY4OC0zNDM2M2JjN2M0YzAiOnsiY3JlYXRlIjoxODAwMDAwMDAwMDAwLCJkZWxldGUiOjE4MDAwMDAwMDAwMDAsInVwZGF0ZSI6MTgwMDAwMDAwMDAwMH19",
          "dependencies": [
            "openstack_compute_instance_v2.puppet_master"
          ]
        }
      ]
    },
    {
      "mode": "managed",
      "type": "openstack_compute_instance_v2",
      "name": "puppet_master",
      "provider": "provider[\"registry.terraform.io/terraform-provider-openstack/openstack\"]",
      "instances": [
        {
          "schema_version": 0,
          "attributes": {
            "access_ip_v4": "212.162.147.158",
            "access_ip_v6": "[2a09:d400:0:1::3b8]",
            "admin_pass": null,
            "all_metadata": {},
            "all_tags": [],
            "availability_zone": "nova",
            "availability_zone_hints": null,
            "block_device": [],
            "config_drive": null,
            "created": "2023-02-05 18:28:09 +0000 UTC",
            "flavor_id": "9268de17-2d5b-4885-bc53-155f093aed6d",
            "flavor_name": "l2.c2r4.100",
            "floating_ip": null,
            "force_delete": false,
            "id": "88537e6c-9046-412a-aeb0-2e1e0dbcd8f8",
            "image_id": "aac74808-9dba-4f49-a530-70a23b4163f3",
            "image_name": "ubuntu-22.04",
            "key_pair": "Controller key",
            "metadata": null,
            "name": "puppetmaster",
            "network": [
              {
                "access_network": false,
                "fixed_ip_v4": "212.162.147.158",
                "fixed_ip_v6": "[2a09:d400:0:1::3b8]",
                "floating_ip": "",
                "mac": "fa:16:3e:3b:4a:f0",
                "name": "public",
                "port": "",
                "uuid": "33dc493f-f4d5-4ab4-bf8e-43bee3faf3ef"
              }
            ],
            "network_mode": null,
            "personality": [],
            "power_state": "active",
            "region": "osl1",
            "scheduler_hints": [],
            "security_groups": [
              "default"
            ],
            "stop_before_destroy": false,
            "tags": [],
            "timeouts": null,
            "updated": "2023-02-05 18:28:17 +0000 UTC",
            "user_data": null,
            "vendor_options": [],
            "volume": []
          },
          "sensitive_attributes": [],
          "private": "eyJlMmJmYjczMC1lY2FhLTExZTYtOGY4OC0zNDM2M2JjN2M0YzAiOnsiY3JlYXRlIjoxODAwMDAwMDAwMDAwLCJkZWxldGUiOjE4MDAwMDAwMDAwMDAsInVwZGF0ZSI6MTgwMDAwMDAwMDAwMH19"
        }
      ]
    },
    {
      "mode": "managed",
      "type": "openstack_compute_instance_v2",
      "name": "webserver",
      "provider": "provider[\"registry.terraform.io/terraform-provider-openstack/openstack\"]",
      "instances": [
        {
          "schema_version": 0,
          "attributes": {
            "access_ip_v4": "212.162.147.177",
            "access_ip_v6": "[2a09:d400:0:1::3d0]",
            "admin_pass": null,
            "all_metadata": {},
            "all_tags": [],
            "availability_zone": "nova",
            "availability_zone_hints": null,
            "block_device": [],
            "config_drive": null,
            "created": "2023-02-05 18:58:10 +0000 UTC",
            "flavor_id": "9268de17-2d5b-4885-bc53-155f093aed6d",
            "flavor_name": "l2.c2r4.100",
            "floating_ip": null,
            "force_delete": false,
            "id": "3b26fa3d-50a2-459d-aa58-592c4db3d9a3",
            "image_id": "aac74808-9dba-4f49-a530-70a23b4163f3",
            "image_name": "ubuntu-22.04",
            "key_pair": "Controller key",
            "metadata": null,
            "name": "webserver",
            "network": [
              {
                "access_network": false,
                "fixed_ip_v4": "212.162.147.177",
                "fixed_ip_v6": "[2a09:d400:0:1::3d0]",
                "floating_ip": "",
                "mac": "fa:16:3e:6d:0d:22",
                "name": "public",
                "port": "",
                "uuid": "33dc493f-f4d5-4ab4-bf8e-43bee3faf3ef"
              }
            ],
            "network_mode": null,
            "personality": [],
            "power_state": "active",
            "region": "osl1",
            "scheduler_hints": [],
            "security_groups": [
              "default"
            ],
            "stop_before_destroy": false,
            "tags": null,
            "timeouts": null,
            "updated": "2023-02-05 18:58:17 +0000 UTC",
            "user_data": null,
            "vendor_options": [],
            "volume": []
          },
          "sensitive_attributes": [],
          "private": "eyJlMmJmYjczMC1lY2FhLTExZTYtOGY4OC0zNDM2M2JjN2M0YzAiOnsiY3JlYXRlIjoxODAwMDAwMDAwMDAwLCJkZWxldGUiOjE4MDAwMDAwMDAwMDAsInVwZGF0ZSI6MTgwMDAwMDAwMDAwMH19",
          "dependencies": [
            "openstack_compute_instance_v2.puppet_master"
          ]
        }
      ]
    }
  ],
  "check_results": null
}
